
Microsoft Visual Studio Solution File, Format Version 12.00
# Visual Studio Version 17
VisualStudioVersion = 17.7.34221.43
MinimumVisualStudioVersion = 10.0.40219.1
Project("{FAE04EC0-301F-11D3-BF4B-00C04F79EFBC}") = "SDP-Assignment3", "SDP-Assignment3\SDP-Assignment3.csproj", "{4FBB59D2-9DC0-4D80-B701-50A26D8221F9}"
EndProject
Global
	GlobalSection(SolutionConfigurationPlatforms) = preSolution
		Debug|Any CPU = Debug|Any CPU
		Release|Any CPU = Release|Any CPU
	EndGlobalSection
	GlobalSection(ProjectConfigurationPlatforms) = postSolution
		{4FBB59D2-9DC0-4D80-B701-50A26D8221F9}.Debug|Any CPU.ActiveCfg = Debug|Any CPU
		{4FBB59D2-9DC0-4D80-B701-50A26D8221F9}.Debug|Any CPU.Build.0 = Debug|Any CPU
		{4FBB59D2-9DC0-4D80-B701-50A26D8221F9}.Release|Any CPU.ActiveCfg = Release|Any CPU
		{4FBB59D2-9DC0-4D80-B701-50A26D8221F9}.Release|Any CPU.Build.0 = Release|Any CPU
	EndGlobalSection
	GlobalSection(SolutionProperties) = preSolution
		HideSolutionNode = FALSE
	EndGlobalSection
	GlobalSection(ExtensibilityGlobals) = postSolution
		SolutionGuid = {B5C56477-F4FA-4066-9BCB-3A2D2B0413C8}
	EndGlobalSection
EndGlobal
